
Microsoft Visual Studio Solution File, Format Version 12.00
# Visual Studio Version 17
VisualStudioVersion = 17.3.32922.545
MinimumVisualStudioVersion = 10.0.40219.1
Project("{8BC9CEB8-8B4A-11D0-8D11-00A0C91BC942}") = "boosie_ui", "boosie_ui\boosie_ui.vcxproj", "{88B8244E-71E1-453F-9FC7-386CA654BEFD}"
EndProject
Global
	GlobalSection(SolutionConfigurationPlatforms) = preSolution
		Debug|PS3 = Debug|PS3
		Release|PS3 = Release|PS3
	EndGlobalSection
	GlobalSection(ProjectConfigurationPlatforms) = postSolution
		{88B8244E-71E1-453F-9FC7-386CA654BEFD}.Debug|PS3.ActiveCfg = Debug|PS3
		{88B8244E-71E1-453F-9FC7-386CA654BEFD}.Debug|PS3.Build.0 = Debug|PS3
		{88B8244E-71E1-453F-9FC7-386CA654BEFD}.Release|PS3.ActiveCfg = Release|PS3
		{88B8244E-71E1-453F-9FC7-386CA654BEFD}.Release|PS3.Build.0 = Release|PS3
	EndGlobalSection
	GlobalSection(SolutionProperties) = preSolution
		HideSolutionNode = FALSE
	EndGlobalSection
	GlobalSection(ExtensibilityGlobals) = postSolution
		SolutionGuid = {E5F6EA05-91AB-4159-9E81-EC7028649B0B}
	EndGlobalSection
EndGlobal
